
Microsoft Visual Studio Solution File, Format Version 12.00
# Visual Studio Version 17
VisualStudioVersion = 17.5.002.0
MinimumVisualStudioVersion = 10.0.40219.1
Project("{9A19103F-16F7-4668-BE54-9A1E7A4F7556}") = "DesafioFundamentos", "DesafioFundamentos\DesafioFundamentos.csproj", "{CDBF3E9B-116F-4258-B154-E43232A1D279}"
EndProject
Global
	GlobalSection(SolutionConfigurationPlatforms) = preSolution
		Debug|Any CPU = Debug|Any CPU
		Release|Any CPU = Release|Any CPU
	EndGlobalSection
	GlobalSection(ProjectConfigurationPlatforms) = postSolution
		{CDBF3E9B-116F-4258-B154-E43232A1D279}.Debug|Any CPU.ActiveCfg = Debug|Any CPU
		{CDBF3E9B-116F-4258-B154-E43232A1D279}.Debug|Any CPU.Build.0 = Debug|Any CPU
		{CDBF3E9B-116F-4258-B154-E43232A1D279}.Release|Any CPU.ActiveCfg = Release|Any CPU
		{CDBF3E9B-116F-4258-B154-E43232A1D279}.Release|Any CPU.Build.0 = Release|Any CPU
	EndGlobalSection
	GlobalSection(SolutionProperties) = preSolution
		HideSolutionNode = FALSE
	EndGlobalSection
	GlobalSection(ExtensibilityGlobals) = postSolution
		SolutionGuid = {40584F6A-0F00-4347-B9D7-971480466A8B}
	EndGlobalSection
EndGlobal
